// !$*UTF8*$!
{
	archiveVersion = 1;
	classes = {
	};
	objectVersion = 46;
	objects = {

/* Begin PBXBuildFile section */
		1C0EC59C1F0C13B100BAE1F8 /* WotData.swift in Sources */ = {isa = PBXBuildFile; fileRef = 1C0EC59B1F0C13B100BAE1F8 /* WotData.swift */; };
		1CB31A2F1F0ACBF500213A60 /* AppDelegate.swift in Sources */ = {isa = PBXBuildFile; fileRef = 1CB31A2E1F0ACBF500213A60 /* AppDelegate.swift */; };
		1CB31A311F0ACBF500213A60 /* ViewController.swift in Sources */ = {isa = PBXBuildFile; fileRef = 1CB31A301F0ACBF500213A60 /* ViewController.swift */; };
		1CB31A341F0ACBF500213A60 /* Main.storyboard in Resources */ = {isa = PBXBuildFile; fileRef = 1CB31A321F0ACBF500213A60 /* Main.storyboard */; };
		1CB31A361F0ACBF500213A60 /* Assets.xcassets in Resources */ = {isa = PBXBuildFile; fileRef = 1CB31A351F0ACBF500213A60 /* Assets.xcassets */; };
		1CB31A391F0ACBF500213A60 /* LaunchScreen.storyboard in Resources */ = {isa = PBXBuildFile; fileRef = 1CB31A371F0ACBF500213A60 /* LaunchScreen.storyboard */; };
		770408BE1F12686E00655043 /* UserData.swift in Sources */ = {isa = PBXBuildFile; fileRef = 770408BD1F12686E00655043 /* UserData.swift */; };
		770408C01F12979800655043 /* UserTanksData.swift in Sources */ = {isa = PBXBuildFile; fileRef = 770408BF1F12979800655043 /* UserTanksData.swift */; };
		770408C21F1297DD00655043 /* DictTanksData.swift in Sources */ = {isa = PBXBuildFile; fileRef = 770408C11F1297DD00655043 /* DictTanksData.swift */; };
		775729C81F12B44B000790FA /* ManagerData.swift in Sources */ = {isa = PBXBuildFile; fileRef = 775729C71F12B44B000790FA /* ManagerData.swift */; };
		775729CA1F12B8FC000790FA /* DetailsTanksCollectionViewController.swift in Sources */ = {isa = PBXBuildFile; fileRef = 775729C91F12B8FC000790FA /* DetailsTanksCollectionViewController.swift */; };
		D87865F4A648D2A3FD03133F /* Pods_WOT.framework in Frameworks */ = {isa = PBXBuildFile; fileRef = BAB5707305B0C0EBE613B230 /* Pods_WOT.framework */; };
/* End PBXBuildFile section */

/* Begin PBXFileReference section */
		1C0EC59B1F0C13B100BAE1F8 /* WotData.swift */ = {isa = PBXFileReference; fileEncoding = 4; lastKnownFileType = sourcecode.swift; path = WotData.swift; sourceTree = "<group>"; };
		1CB31A2B1F0ACBF500213A60 /* WOT.app */ = {isa = PBXFileReference; explicitFileType = wrapper.application; includeInIndex = 0; path = WOT.app; sourceTree = BUILT_PRODUCTS_DIR; };
		1CB31A2E1F0ACBF500213A60 /* AppDelegate.swift */ = {isa = PBXFileReference; lastKnownFileType = sourcecode.swift; path = AppDelegate.swift; sourceTree = "<group>"; };
		1CB31A301F0ACBF500213A60 /* ViewController.swift */ = {isa = PBXFileReference; lastKnownFileType = sourcecode.swift; path = ViewController.swift; sourceTree = "<group>"; };
		1CB31A331F0ACBF500213A60 /* Base */ = {isa = PBXFileReference; lastKnownFileType = file.storyboard; name = Base; path = Base.lproj/Main.storyboard; sourceTree = "<group>"; };
		1CB31A351F0ACBF500213A60 /* Assets.xcassets */ = {isa = PBXFileReference; lastKnownFileType = folder.assetcatalog; path = Assets.xcassets; sourceTree = "<group>"; };
		1CB31A381F0ACBF500213A60 /* Base */ = {isa = PBXFileReference; lastKnownFileType = file.storyboard; name = Base; path = Base.lproj/LaunchScreen.storyboard; sourceTree = "<group>"; };
		1CB31A3A1F0ACBF500213A60 /* Info.plist */ = {isa = PBXFileReference; lastKnownFileType = text.plist.xml; path = Info.plist; sourceTree = "<group>"; };
		629A1278234C1EF63AD85E2E /* Pods-WOT.release.xcconfig */ = {isa = PBXFileReference; includeInIndex = 1; lastKnownFileType = text.xcconfig; name = "Pods-WOT.release.xcconfig"; path = "Pods/Target Support Files/Pods-WOT/Pods-WOT.release.xcconfig"; sourceTree = "<group>"; };
		770408BD1F12686E00655043 /* UserData.swift */ = {isa = PBXFileReference; fileEncoding = 4; lastKnownFileType = sourcecode.swift; path = UserData.swift; sourceTree = "<group>"; };
		770408BF1F12979800655043 /* UserTanksData.swift */ = {isa = PBXFileReference; fileEncoding = 4; lastKnownFileType = sourcecode.swift; path = UserTanksData.swift; sourceTree = "<group>"; };
		770408C11F1297DD00655043 /* DictTanksData.swift */ = {isa = PBXFileReference; fileEncoding = 4; lastKnownFileType = sourcecode.swift; path = DictTanksData.swift; sourceTree = "<group>"; };
		775729C71F12B44B000790FA /* ManagerData.swift */ = {isa = PBXFileReference; fileEncoding = 4; lastKnownFileType = sourcecode.swift; path = ManagerData.swift; sourceTree = "<group>"; };
		775729C91F12B8FC000790FA /* DetailsTanksCollectionViewController.swift */ = {isa = PBXFileReference; fileEncoding = 4; lastKnownFileType = sourcecode.swift; path = DetailsTanksCollectionViewController.swift; sourceTree = "<group>"; };
		BAB5707305B0C0EBE613B230 /* Pods_WOT.framework */ = {isa = PBXFileReference; explicitFileType = wrapper.framework; includeInIndex = 0; path = Pods_WOT.framework; sourceTree = BUILT_PRODUCTS_DIR; };
		F93DC8E9CC03F61629925133 /* Pods-WOT.debug.xcconfig */ = {isa = PBXFileReference; includeInIndex = 1; lastKnownFileType = text.xcconfig; name = "Pods-WOT.debug.xcconfig"; path = "Pods/Target Support Files/Pods-WOT/Pods-WOT.debug.xcconfig"; sourceTree = "<group>"; };
/* End PBXFileReference section */

/* Begin PBXFrameworksBuildPhase section */
		1CB31A281F0ACBF500213A60 /* Frameworks */ = {
			isa = PBXFrameworksBuildPhase;
			buildActionMask = 2147483647;
			files = (
				D87865F4A648D2A3FD03133F /* Pods_WOT.framework in Frameworks */,
			);
			runOnlyForDeploymentPostprocessing = 0;
		};
/* End PBXFrameworksBuildPhase section */

/* Begin PBXGroup section */
		1CB31A221F0ACBF500213A60 = {
			isa = PBXGroup;
			children = (
				1CB31A2D1F0ACBF500213A60 /* WOT */,
				1CB31A2C1F0ACBF500213A60 /* Products */,
				5D5B521902885298AE4C21FF /* Pods */,
				B57B2CC779AE22218E8976DE /* Frameworks */,
			);
			sourceTree = "<group>";
		};
		1CB31A2C1F0ACBF500213A60 /* Products */ = {
			isa = PBXGroup;
			children = (
				1CB31A2B1F0ACBF500213A60 /* WOT.app */,
			);
			name = Products;
			sourceTree = "<group>";
		};
		1CB31A2D1F0ACBF500213A60 /* WOT */ = {
			isa = PBXGroup;
			children = (
				1CB31A2E1F0ACBF500213A60 /* AppDelegate.swift */,
				1CB31A301F0ACBF500213A60 /* ViewController.swift */,
				1CB31A321F0ACBF500213A60 /* Main.storyboard */,
				1CB31A351F0ACBF500213A60 /* Assets.xcassets */,
				1CB31A371F0ACBF500213A60 /* LaunchScreen.storyboard */,
				1CB31A3A1F0ACBF500213A60 /* Info.plist */,
				1C0EC59B1F0C13B100BAE1F8 /* WotData.swift */,
				770408BD1F12686E00655043 /* UserData.swift */,
				770408BF1F12979800655043 /* UserTanksData.swift */,
				770408C11F1297DD00655043 /* DictTanksData.swift */,
				775729C71F12B44B000790FA /* ManagerData.swift */,
				775729C91F12B8FC000790FA /* DetailsTanksCollectionViewController.swift */,
			);
			path = WOT;
			sourceTree = "<group>";
		};
		5D5B521902885298AE4C21FF /* Pods */ = {
			isa = PBXGroup;
			children = (
				F93DC8E9CC03F61629925133 /* Pods-WOT.debug.xcconfig */,
				629A1278234C1EF63AD85E2E /* Pods-WOT.release.xcconfig */,
			);
			name = Pods;
			sourceTree = "<group>";
		};
		B57B2CC779AE22218E8976DE /* Frameworks */ = {
			isa = PBXGroup;
			children = (
				BAB5707305B0C0EBE613B230 /* Pods_WOT.framework */,
			);
			name = Frameworks;
			sourceTree = "<group>";
		};
/* End PBXGroup section */

/* Begin PBXNativeTarget section */
		1CB31A2A1F0ACBF500213A60 /* WOT */ = {
			isa = PBXNativeTarget;
			buildConfigurationList = 1CB31A3D1F0ACBF500213A60 /* Build configuration list for PBXNativeTarget "WOT" */;
			buildPhases = (
				21F834F0C8DC87BB9057B969 /* [CP] Check Pods Manifest.lock */,
				1CB31A271F0ACBF500213A60 /* Sources */,
				1CB31A281F0ACBF500213A60 /* Frameworks */,
				1CB31A291F0ACBF500213A60 /* Resources */,
				9B8271B5BBA1D8DA675F0F22 /* [CP] Embed Pods Frameworks */,
				436355FFDF4440E313E8FF3A /* [CP] Copy Pods Resources */,
			);
			buildRules = (
			);
			dependencies = (
			);
			name = WOT;
			productName = WOT;
			productReference = 1CB31A2B1F0ACBF500213A60 /* WOT.app */;
			productType = "com.apple.product-type.application";
		};
/* End PBXNativeTarget section */

/* Begin PBXProject section */
		1CB31A231F0ACBF500213A60 /* Project object */ = {
			isa = PBXProject;
			attributes = {
				LastSwiftUpdateCheck = 0830;
				LastUpgradeCheck = 0830;
				ORGANIZATIONNAME = "Andrew Sobolev";
				TargetAttributes = {
					1CB31A2A1F0ACBF500213A60 = {
						CreatedOnToolsVersion = 8.3.3;
						ProvisioningStyle = Automatic;
					};
				};
			};
			buildConfigurationList = 1CB31A261F0ACBF500213A60 /* Build configuration list for PBXProject "WOT" */;
			compatibilityVersion = "Xcode 3.2";
			developmentRegion = English;
			hasScannedForEncodings = 0;
			knownRegions = (
				en,
				Base,
			);
			mainGroup = 1CB31A221F0ACBF500213A60;
			productRefGroup = 1CB31A2C1F0ACBF500213A60 /* Products */;
			projectDirPath = "";
			projectRoot = "";
			targets = (
				1CB31A2A1F0ACBF500213A60 /* WOT */,
			);
		};
/* End PBXProject section */

/* Begin PBXResourcesBuildPhase section */
		1CB31A291F0ACBF500213A60 /* Resources */ = {
			isa = PBXResourcesBuildPhase;
			buildActionMask = 2147483647;
			files = (
				1CB31A391F0ACBF500213A60 /* LaunchScreen.storyboard in Resources */,
				1CB31A361F0ACBF500213A60 /* Assets.xcassets in Resources */,
				1CB31A341F0ACBF500213A60 /* Main.storyboard in Resources */,
			);
			runOnlyForDeploymentPostprocessing = 0;
		};
/* End PBXResourcesBuildPhase section */

/* Begin PBXShellScriptBuildPhase section */
		21F834F0C8DC87BB9057B969 /* [CP] Check Pods Manifest.lock */ = {
			isa = PBXShellScriptBuildPhase;
			buildActionMask = 2147483647;
			files = (
			);
			inputPaths = (
			);
			name = "[CP] Check Pods Manifest.lock";
			outputPaths = (
			);
			runOnlyForDeploymentPostprocessing = 0;
			shellPath = /bin/sh;
			shellScript = "diff \"${PODS_PODFILE_DIR_PATH}/Podfile.lock\" \"${PODS_ROOT}/Manifest.lock\" > /dev/null\nif [ $? != 0 ] ; then\n    # print error to STDERR\n    echo \"error: The sandbox is not in sync with the Podfile.lock. Run 'pod install' or update your CocoaPods installation.\" >&2\n    exit 1\nfi\n";
			showEnvVarsInLog = 0;
		};
		436355FFDF4440E313E8FF3A /* [CP] Copy Pods Resources */ = {
			isa = PBXShellScriptBuildPhase;
			buildActionMask = 2147483647;
			files = (
			);
			inputPaths = (
			);
			name = "[CP] Copy Pods Resources";
			outputPaths = (
			);
			runOnlyForDeploymentPostprocessing = 0;
			shellPath = /bin/sh;
			shellScript = "\"${SRCROOT}/Pods/Target Support Files/Pods-WOT/Pods-WOT-resources.sh\"\n";
			showEnvVarsInLog = 0;
		};
		9B8271B5BBA1D8DA675F0F22 /* [CP] Embed Pods Frameworks */ = {
			isa = PBXShellScriptBuildPhase;
			buildActionMask = 2147483647;
			files = (
			);
			inputPaths = (
			);
			name = "[CP] Embed Pods Frameworks";
			outputPaths = (
			);
			runOnlyForDeploymentPostprocessing = 0;
			shellPath = /bin/sh;
			shellScript = "\"${SRCROOT}/Pods/Target Support Files/Pods-WOT/Pods-WOT-frameworks.sh\"\n";
			showEnvVarsInLog = 0;
		};
/* End PBXShellScriptBuildPhase section */

/* Begin PBXSourcesBuildPhase section */
		1CB31A271F0ACBF500213A60 /* Sources */ = {
			isa = PBXSourcesBuildPhase;
			buildActionMask = 2147483647;
			files = (
				1CB31A311F0ACBF500213A60 /* ViewController.swift in Sources */,
				770408C21F1297DD00655043 /* DictTanksData.swift in Sources */,
				1CB31A2F1F0ACBF500213A60 /* AppDelegate.swift in Sources */,
				770408BE1F12686E00655043 /* UserData.swift in Sources */,
				770408C01F12979800655043 /* UserTanksData.swift in Sources */,
				775729C81F12B44B000790FA /* ManagerData.swift in Sources */,
				1C0EC59C1F0C13B100BAE1F8 /* WotData.swift in Sources */,
				775729CA1F12B8FC000790FA /* DetailsTanksCollectionViewController.swift in Sources */,
			);
			runOnlyForDeploymentPostprocessing = 0;
		};
/* End PBXSourcesBuildPhase section */

/* Begin PBXVariantGroup section */
		1CB31A321F0ACBF500213A60 /* Main.storyboard */ = {
			isa = PBXVariantGroup;
			children = (
				1CB31A331F0ACBF500213A60 /* Base */,
			);
			name = Main.storyboard;
			sourceTree = "<group>";
		};
		1CB31A371F0ACBF500213A60 /* LaunchScreen.storyboard */ = {
			isa = PBXVariantGroup;
			children = (
				1CB31A381F0ACBF500213A60 /* Base */,
			);
			name = LaunchScreen.storyboard;
			sourceTree = "<group>";
		};
/* End PBXVariantGroup section */

/* Begin XCBuildConfiguration section */
		1CB31A3B1F0ACBF500213A60 /* Debug */ = {
			isa = XCBuildConfiguration;
			buildSettings = {
				ALWAYS_SEARCH_USER_PATHS = NO;
				CLANG_ANALYZER_NONNULL = YES;
				CLANG_ANALYZER_NUMBER_OBJECT_CONVERSION = YES_AGGRESSIVE;
				CLANG_CXX_LANGUAGE_STANDARD = "gnu++0x";
				CLANG_CXX_LIBRARY = "libc++";
				CLANG_ENABLE_MODULES = YES;
				CLANG_ENABLE_OBJC_ARC = YES;
				CLANG_WARN_BOOL_CONVERSION = YES;
				CLANG_WARN_CONSTANT_CONVERSION = YES;
				CLANG_WARN_DIRECT_OBJC_ISA_USAGE = YES_ERROR;
				CLANG_WARN_DOCUMENTATION_COMMENTS = YES;
				CLANG_WARN_EMPTY_BODY = YES;
				CLANG_WARN_ENUM_CONVERSION = YES;
				CLANG_WARN_INFINITE_RECURSION = YES;
				CLANG_WARN_INT_CONVERSION = YES;
				CLANG_WARN_OBJC_ROOT_CLASS = YES_ERROR;
				CLANG_WARN_SUSPICIOUS_MOVE = YES;
				CLANG_WARN_UNREACHABLE_CODE = YES;
				CLANG_WARN__DUPLICATE_METHOD_MATCH = YES;
				"CODE_SIGN_IDENTITY[sdk=iphoneos*]" = "iPhone Developer";
				COPY_PHASE_STRIP = NO;
				DEBUG_INFORMATION_FORMAT = dwarf;
				ENABLE_STRICT_OBJC_MSGSEND = YES;
				ENABLE_TESTABILITY = YES;
				GCC_C_LANGUAGE_STANDARD = gnu99;
				GCC_DYNAMIC_NO_PIC = NO;
				GCC_NO_COMMON_BLOCKS = YES;
				GCC_OPTIMIZATION_LEVEL = 0;
				GCC_PREPROCESSOR_DEFINITIONS = (
					"DEBUG=1",
					"$(inherited)",
				);
				GCC_WARN_64_TO_32_BIT_CONVERSION = YES;
				GCC_WARN_ABOUT_RETURN_TYPE = YES_ERROR;
				GCC_WARN_UNDECLARED_SELECTOR = YES;
				GCC_WARN_UNINITIALIZED_AUTOS = YES_AGGRESSIVE;
				GCC_WARN_UNUSED_FUNCTION = YES;
				GCC_WARN_UNUSED_VARIABLE = YES;
				IPHONEOS_DEPLOYMENT_TARGET = 10.3;
				MTL_ENABLE_DEBUG_INFO = YES;
				ONLY_ACTIVE_ARCH = YES;
				SDKROOT = iphoneos;
				SWIFT_ACTIVE_COMPILATION_CONDITIONS = DEBUG;
				SWIFT_OPTIMIZATION_LEVEL = "-Onone";
				TARGETED_DEVICE_FAMILY = "1,2";
			};
			name = Debug;
		};
		1CB31A3C1F0ACBF500213A60 /* Release */ = {
			isa = XCBuildConfiguration;
			buildSettings = {
				ALWAYS_SEARCH_USER_PATHS = NO;
				CLANG_ANALYZER_NONNULL = YES;
				CLANG_ANALYZER_NUMBER_OBJECT_CONVERSION = YES_AGGRESSIVE;
				CLANG_CXX_LANGUAGE_STANDARD = "gnu++0x";
				CLANG_CXX_LIBRARY = "libc++";
				CLANG_ENABLE_MODULES = YES;
				CLANG_ENABLE_OBJC_ARC = YES;
				CLANG_WARN_BOOL_CONVERSION = YES;
				CLANG_WARN_CONSTANT_CONVERSION = YES;
				CLANG_WARN_DIRECT_OBJC_ISA_USAGE = YES_ERROR;
				CLANG_WARN_DOCUMENTATION_COMMENTS = YES;
				CLANG_WARN_EMPTY_BODY = YES;
				CLANG_WARN_ENUM_CONVERSION = YES;
				CLANG_WARN_INFINITE_RECURSION = YES;
				CLANG_WARN_INT_CONVERSION = YES;
				CLANG_WARN_OBJC_ROOT_CLASS = YES_ERROR;
				CLANG_WARN_SUSPICIOUS_MOVE = YES;
				CLANG_WARN_UNREACHABLE_CODE = YES;
				CLANG_WARN__DUPLICATE_METHOD_MATCH = YES;
				"CODE_SIGN_IDENTITY[sdk=iphoneos*]" = "iPhone Developer";
				COPY_PHASE_STRIP = NO;
				DEBUG_INFORMATION_FORMAT = "dwarf-with-dsym";
				ENABLE_NS_ASSERTIONS = NO;
				ENABLE_STRICT_OBJC_MSGSEND = YES;
				GCC_C_LANGUAGE_STANDARD = gnu99;
				GCC_NO_COMMON_BLOCKS = YES;
				GCC_WARN_64_TO_32_BIT_CONVERSION = YES;
				GCC_WARN_ABOUT_RETURN_TYPE = YES_ERROR;
				GCC_WARN_UNDECLARED_SELECTOR = YES;
				GCC_WARN_UNINITIALIZED_AUTOS = YES_AGGRESSIVE;
				GCC_WARN_UNUSED_FUNCTION = YES;
				GCC_WARN_UNUSED_VARIABLE = YES;
				IPHONEOS_DEPLOYMENT_TARGET = 10.3;
				MTL_ENABLE_DEBUG_INFO = NO;
				SDKROOT = iphoneos;
				SWIFT_OPTIMIZATION_LEVEL = "-Owholemodule";
				TARGETED_DEVICE_FAMILY = "1,2";
				VALIDATE_PRODUCT = YES;
			};
			name = Release;
		};
		1CB31A3E1F0ACBF500213A60 /* Debug */ = {
			isa = XCBuildConfiguration;
			baseConfigurationReference = F93DC8E9CC03F61629925133 /* Pods-WOT.debug.xcconfig */;
			buildSettings = {
				ASSETCATALOG_COMPILER_APPICON_NAME = AppIcon;
				INFOPLIST_FILE = WOT/Info.plist;
				LD_RUNPATH_SEARCH_PATHS = "$(inherited) @executable_path/Frameworks";
				PRODUCT_BUNDLE_IDENTIFIER = test.WOT;
				PRODUCT_NAME = "$(TARGET_NAME)";
				SWIFT_VERSION = 3.0;
			};
			name = Debug;
		};
		1CB31A3F1F0ACBF500213A60 /* Release */ = {
			isa = XCBuildConfiguration;
			baseConfigurationReference = 629A1278234C1EF63AD85E2E /* Pods-WOT.release.xcconfig */;
			buildSettings = {
				ASSETCATALOG_COMPILER_APPICON_NAME = AppIcon;
				INFOPLIST_FILE = WOT/Info.plist;
				LD_RUNPATH_SEARCH_PATHS = "$(inherited) @executable_path/Frameworks";
				PRODUCT_BUNDLE_IDENTIFIER = test.WOT;
				PRODUCT_NAME = "$(TARGET_NAME)";
				SWIFT_VERSION = 3.0;
			};
			name = Release;
		};
/* End XCBuildConfiguration section */

/* Begin XCConfigurationList section */
		1CB31A261F0ACBF500213A60 /* Build configuration list for PBXProject "WOT" */ = {
			isa = XCConfigurationList;
			buildConfigurations = (
				1CB31A3B1F0ACBF500213A60 /* Debug */,
				1CB31A3C1F0ACBF500213A60 /* Release */,
			);
			defaultConfigurationIsVisible = 0;
			defaultConfigurationName = Release;
		};
		1CB31A3D1F0ACBF500213A60 /* Build configuration list for PBXNativeTarget "WOT" */ = {
			isa = XCConfigurationList;
			buildConfigurations = (
				1CB31A3E1F0ACBF500213A60 /* Debug */,
				1CB31A3F1F0ACBF500213A60 /* Release */,
			);
			defaultConfigurationIsVisible = 0;
			defaultConfigurationName = Release;
		};
/* End XCConfigurationList section */
	};
	rootObject = 1CB31A231F0ACBF500213A60 /* Project object */;
}
